
Microsoft Visual Studio Solution File, Format Version 12.00
# Visual Studio Version 16
VisualStudioVersion = 16.0.29609.76
MinimumVisualStudioVersion = 10.0.40219.1
Project("{2150E333-8FDC-42A3-9474-1A3956D46DE8}") = "2 - TriviaDotNetApi", "2 - TriviaDotNetApi", "{A7655D18-71C7-416B-BCC5-EA0DE2DAFC24}"
EndProject
Project("{2150E333-8FDC-42A3-9474-1A3956D46DE8}") = "2.2 - Application", "2.2 - Application", "{3294B896-83A7-4362-B782-6C8C76780D3A}"
EndProject
Project("{2150E333-8FDC-42A3-9474-1A3956D46DE8}") = "2.3 - Domain", "2.3 - Domain", "{B86A7B73-E25B-4B5C-8125-65A862F30C6A}"
EndProject
Project("{2150E333-8FDC-42A3-9474-1A3956D46DE8}") = "2.4 - Infrastructure", "2.4 - Infrastructure", "{05637AC0-2049-473E-A72A-FB6A7C190734}"
EndProject
Project("{2150E333-8FDC-42A3-9474-1A3956D46DE8}") = "2.5 - Tests", "2.5 - Tests", "{000F8EF5-E3DA-4F2A-97DC-33711177CAA7}"
EndProject
Project("{9A19103F-16F7-4668-BE54-9A1E7A4F7556}") = "TriviaDotNetApi.Application", "TriviaDotNetApi.Application\TriviaDotNetApi.Application.csproj", "{A9E151B0-BCE3-4DA3-A4E4-BAF88C9C6897}"
EndProject
Project("{9A19103F-16F7-4668-BE54-9A1E7A4F7556}") = "TriviaDotNetApi.Domain", "TriviaDotNetApi.Domain\TriviaDotNetApi.Domain.csproj", "{D75205EC-EE19-4B08-9E57-9610F56DB49B}"
EndProject
Project("{9A19103F-16F7-4668-BE54-9A1E7A4F7556}") = "TriviaDotNetApi.Infrastructure", "TriviaDotNetApi.Infrastructure\TriviaDotNetApi.Infrastructure.csproj", "{1298E4F6-279C-4950-9C13-B622DDBDE4FD}"
EndProject
Project("{9A19103F-16F7-4668-BE54-9A1E7A4F7556}") = "TriviaDotNetApi.UnitTests", "TriviaDotNetApi.UnitTests\TriviaDotNetApi.UnitTests.csproj", "{404CA8BE-0649-4D10-BDAB-3131DB753522}"
EndProject
Project("{2150E333-8FDC-42A3-9474-1A3956D46DE8}") = "2.1 - API", "2.1 - API", "{8D7C0B03-9438-4152-924C-4D83DAB08583}"
EndProject
Project("{9A19103F-16F7-4668-BE54-9A1E7A4F7556}") = "TriviaDotNetApi.API", "TriviaDotNetApi.API\TriviaDotNetApi.API.csproj", "{89F78BB2-5F75-496C-B92C-FF39F0E04504}"
EndProject
Project("{2150E333-8FDC-42A3-9474-1A3956D46DE8}") = "1 - Docker", "1 - Docker", "{06346BFC-C8AA-4415-9801-A175FEFD4DE2}"
EndProject
Project("{E53339B2-1760-4266-BCC7-CA923CBCF16C}") = "docker-compose", ".docker\docker-compose.dcproj", "{169EFCA7-1E18-4FB0-82DA-A61D822FCE87}"
EndProject
Project("{2150E333-8FDC-42A3-9474-1A3956D46DE8}") = "0 - CICD", "0 - CICD", "{873467F4-3B12-4B87-B596-5FEB65982AB9}"
	ProjectSection(SolutionItems) = preProject
		kubernetes\ServiceTrivia-network.yaml = kubernetes\ServiceTrivia-network.yaml
		kubernetes\ServiceTrivia.yaml = kubernetes\ServiceTrivia.yaml
	EndProjectSection
EndProject
Project("{2150E333-8FDC-42A3-9474-1A3956D46DE8}") = "2.6 - CrossCutting", "2.6 - CrossCutting", "{B963BE4E-E211-4851-9157-C741FDB4567D}"
EndProject
Project("{FAE04EC0-301F-11D3-BF4B-00C04F79EFBC}") = "CrossCutting", "CrossCutting\CrossCutting.csproj", "{BEA53F58-2A13-4598-A65A-B4399E281A35}"
EndProject
Global
	GlobalSection(SolutionConfigurationPlatforms) = preSolution
		Debug|Any CPU = Debug|Any CPU
		Release|Any CPU = Release|Any CPU
	EndGlobalSection
	GlobalSection(ProjectConfigurationPlatforms) = postSolution
		{A9E151B0-BCE3-4DA3-A4E4-BAF88C9C6897}.Debug|Any CPU.ActiveCfg = Debug|Any CPU
		{A9E151B0-BCE3-4DA3-A4E4-BAF88C9C6897}.Debug|Any CPU.Build.0 = Debug|Any CPU
		{A9E151B0-BCE3-4DA3-A4E4-BAF88C9C6897}.Release|Any CPU.ActiveCfg = Release|Any CPU
		{A9E151B0-BCE3-4DA3-A4E4-BAF88C9C6897}.Release|Any CPU.Build.0 = Release|Any CPU
		{D75205EC-EE19-4B08-9E57-9610F56DB49B}.Debug|Any CPU.ActiveCfg = Debug|Any CPU
		{D75205EC-EE19-4B08-9E57-9610F56DB49B}.Debug|Any CPU.Build.0 = Debug|Any CPU
		{D75205EC-EE19-4B08-9E57-9610F56DB49B}.Release|Any CPU.ActiveCfg = Release|Any CPU
		{D75205EC-EE19-4B08-9E57-9610F56DB49B}.Release|Any CPU.Build.0 = Release|Any CPU
		{1298E4F6-279C-4950-9C13-B622DDBDE4FD}.Debug|Any CPU.ActiveCfg = Debug|Any CPU
		{1298E4F6-279C-4950-9C13-B622DDBDE4FD}.Debug|Any CPU.Build.0 = Debug|Any CPU
		{1298E4F6-279C-4950-9C13-B622DDBDE4FD}.Release|Any CPU.ActiveCfg = Release|Any CPU
		{1298E4F6-279C-4950-9C13-B622DDBDE4FD}.Release|Any CPU.Build.0 = Release|Any CPU
		{404CA8BE-0649-4D10-BDAB-3131DB753522}.Debug|Any CPU.ActiveCfg = Debug|Any CPU
		{404CA8BE-0649-4D10-BDAB-3131DB753522}.Debug|Any CPU.Build.0 = Debug|Any CPU
		{404CA8BE-0649-4D10-BDAB-3131DB753522}.Release|Any CPU.ActiveCfg = Release|Any CPU
		{404CA8BE-0649-4D10-BDAB-3131DB753522}.Release|Any CPU.Build.0 = Release|Any CPU
		{89F78BB2-5F75-496C-B92C-FF39F0E04504}.Debug|Any CPU.ActiveCfg = Debug|Any CPU
		{89F78BB2-5F75-496C-B92C-FF39F0E04504}.Debug|Any CPU.Build.0 = Debug|Any CPU
		{89F78BB2-5F75-496C-B92C-FF39F0E04504}.Release|Any CPU.ActiveCfg = Release|Any CPU
		{89F78BB2-5F75-496C-B92C-FF39F0E04504}.Release|Any CPU.Build.0 = Release|Any CPU
		{169EFCA7-1E18-4FB0-82DA-A61D822FCE87}.Debug|Any CPU.ActiveCfg = Debug|Any CPU
		{169EFCA7-1E18-4FB0-82DA-A61D822FCE87}.Debug|Any CPU.Build.0 = Debug|Any CPU
		{169EFCA7-1E18-4FB0-82DA-A61D822FCE87}.Release|Any CPU.ActiveCfg = Release|Any CPU
		{169EFCA7-1E18-4FB0-82DA-A61D822FCE87}.Release|Any CPU.Build.0 = Release|Any CPU
		{BEA53F58-2A13-4598-A65A-B4399E281A35}.Debug|Any CPU.ActiveCfg = Debug|Any CPU
		{BEA53F58-2A13-4598-A65A-B4399E281A35}.Debug|Any CPU.Build.0 = Debug|Any CPU
		{BEA53F58-2A13-4598-A65A-B4399E281A35}.Release|Any CPU.ActiveCfg = Release|Any CPU
		{BEA53F58-2A13-4598-A65A-B4399E281A35}.Release|Any CPU.Build.0 = Release|Any CPU
	EndGlobalSection
	GlobalSection(SolutionProperties) = preSolution
		HideSolutionNode = FALSE
	EndGlobalSection
	GlobalSection(NestedProjects) = preSolution
		{3294B896-83A7-4362-B782-6C8C76780D3A} = {A7655D18-71C7-416B-BCC5-EA0DE2DAFC24}
		{B86A7B73-E25B-4B5C-8125-65A862F30C6A} = {A7655D18-71C7-416B-BCC5-EA0DE2DAFC24}
		{05637AC0-2049-473E-A72A-FB6A7C190734} = {A7655D18-71C7-416B-BCC5-EA0DE2DAFC24}
		{000F8EF5-E3DA-4F2A-97DC-33711177CAA7} = {A7655D18-71C7-416B-BCC5-EA0DE2DAFC24}
		{A9E151B0-BCE3-4DA3-A4E4-BAF88C9C6897} = {3294B896-83A7-4362-B782-6C8C76780D3A}
		{D75205EC-EE19-4B08-9E57-9610F56DB49B} = {B86A7B73-E25B-4B5C-8125-65A862F30C6A}
		{1298E4F6-279C-4950-9C13-B622DDBDE4FD} = {05637AC0-2049-473E-A72A-FB6A7C190734}
		{404CA8BE-0649-4D10-BDAB-3131DB753522} = {000F8EF5-E3DA-4F2A-97DC-33711177CAA7}
		{8D7C0B03-9438-4152-924C-4D83DAB08583} = {A7655D18-71C7-416B-BCC5-EA0DE2DAFC24}
		{89F78BB2-5F75-496C-B92C-FF39F0E04504} = {8D7C0B03-9438-4152-924C-4D83DAB08583}
		{169EFCA7-1E18-4FB0-82DA-A61D822FCE87} = {06346BFC-C8AA-4415-9801-A175FEFD4DE2}
		{B963BE4E-E211-4851-9157-C741FDB4567D} = {A7655D18-71C7-416B-BCC5-EA0DE2DAFC24}
		{BEA53F58-2A13-4598-A65A-B4399E281A35} = {B963BE4E-E211-4851-9157-C741FDB4567D}
	EndGlobalSection
	GlobalSection(ExtensibilityGlobals) = postSolution
		SolutionGuid = {F2436689-E250-4ACA-B2C2-2D5FC94FA2C3}
	EndGlobalSection
EndGlobal
